# THIS IS AN AUTOGENERATED FILE. DO NOT EDIT THIS FILE DIRECTLY.
# yarn lockfile v1


"@fooman/venia-ui-override-resolver@^1.0.0-rc.2":
  version "1.0.0-rc.2"
  resolved "https://registry.yarnpkg.com/@fooman/venia-ui-override-resolver/-/venia-ui-override-resolver-1.0.0-rc.2.tgz#019171753a8e785a3b3471cf221131908c0ae1f6"
  integrity sha512-2i1TT8szBfPNLdQy01KfzhWXnj8LHXZnUjrHHmzgJ2gxMiZ44vACec7/w2YxqXT2znatsX733X348NgQz/hWDw==
